// !$*UTF8*$!
{
	archiveVersion = 1;
	classes = {
	};
	objectVersion = 46;
	objects = {

/* Begin PBXBuildFile section */
		090AE2BF1D6F9CDE000BAFBD /* EditProfileViewController.swift in Sources */ = {isa = PBXBuildFile; fileRef = 090AE2BE1D6F9CDE000BAFBD /* EditProfileViewController.swift */; };
		093DFCC91D9B41FE0052AC9E /* Customer.swift in Sources */ = {isa = PBXBuildFile; fileRef = 093DFCC81D9B41FE0052AC9E /* Customer.swift */; };
		0957DB291D6621DA00B38BB2 /* BusinessProfileViewController.swift in Sources */ = {isa = PBXBuildFile; fileRef = 0957DB281D6621DA00B38BB2 /* BusinessProfileViewController.swift */; };
		0958342A1D83426700EBDF9A /* DetailTableViewCell.swift in Sources */ = {isa = PBXBuildFile; fileRef = 095834291D83426700EBDF9A /* DetailTableViewCell.swift */; };
		095F09B01D400658007E8F5B /* MapKit.framework in Frameworks */ = {isa = PBXBuildFile; fileRef = 095F09AF1D400658007E8F5B /* MapKit.framework */; };
		095F09B61D400768007E8F5B /* TruckViewController.swift in Sources */ = {isa = PBXBuildFile; fileRef = 095F09B51D400768007E8F5B /* TruckViewController.swift */; };
		095F09BA1D400CEA007E8F5B /* CoreLocation.framework in Frameworks */ = {isa = PBXBuildFile; fileRef = 095F09B91D400CEA007E8F5B /* CoreLocation.framework */; };
		096F219A1D4BB29500B42813 /* Business.swift in Sources */ = {isa = PBXBuildFile; fileRef = 096F21991D4BB29500B42813 /* Business.swift */; };
		096F219C1D4BB81200B42813 /* CreateTruckViewController.swift in Sources */ = {isa = PBXBuildFile; fileRef = 096F219B1D4BB81200B42813 /* CreateTruckViewController.swift */; };
		0971AB861D8BCA41008B756D /* WebViewController.swift in Sources */ = {isa = PBXBuildFile; fileRef = 0971AB851D8BCA41008B756D /* WebViewController.swift */; };
		097ED68F1D8B4ED9002B4B9B /* CustomAnnotationView.swift in Sources */ = {isa = PBXBuildFile; fileRef = 097ED68E1D8B4ED9002B4B9B /* CustomAnnotationView.swift */; };
		09ADB7051D67BE3900890CDB /* Truck.swift in Sources */ = {isa = PBXBuildFile; fileRef = 09ADB7041D67BE3900890CDB /* Truck.swift */; };
		09ADB7071D67C1E100890CDB /* CustomAnnotation.swift in Sources */ = {isa = PBXBuildFile; fileRef = 09ADB7061D67C1E100890CDB /* CustomAnnotation.swift */; };
		09C926D11D75402100605B67 /* SlideMenuViewController.swift in Sources */ = {isa = PBXBuildFile; fileRef = 09C926D01D75402100605B67 /* SlideMenuViewController.swift */; };
		09D4B2471D6A318B002676D1 /* BusinessTableViewCell.swift in Sources */ = {isa = PBXBuildFile; fileRef = 09D4B2461D6A318B002676D1 /* BusinessTableViewCell.swift */; };
		09DFDE5F1D9DB0FE00DF7D39 /* background.mp4 in Resources */ = {isa = PBXBuildFile; fileRef = 09DFDE5E1D9DB0FE00DF7D39 /* background.mp4 */; };
		09E73B4F1D9B2550006D5C27 /* CustomerLoginViewController.swift in Sources */ = {isa = PBXBuildFile; fileRef = 09E73B4E1D9B2550006D5C27 /* CustomerLoginViewController.swift */; };
		09E73B511D9B256F006D5C27 /* CreateCustomerViewController.swift in Sources */ = {isa = PBXBuildFile; fileRef = 09E73B501D9B256F006D5C27 /* CreateCustomerViewController.swift */; };
		09E73B531D9B2584006D5C27 /* EditCustomerViewController.swift in Sources */ = {isa = PBXBuildFile; fileRef = 09E73B521D9B2584006D5C27 /* EditCustomerViewController.swift */; };
		09E73B551D9B25AB006D5C27 /* InitialViewController.swift in Sources */ = {isa = PBXBuildFile; fileRef = 09E73B541D9B25AB006D5C27 /* InitialViewController.swift */; };
		09FF68911D3EC18800EF4551 /* AppDelegate.swift in Sources */ = {isa = PBXBuildFile; fileRef = 09FF68901D3EC18800EF4551 /* AppDelegate.swift */; };
		09FF68931D3EC18800EF4551 /* LoginViewController.swift in Sources */ = {isa = PBXBuildFile; fileRef = 09FF68921D3EC18800EF4551 /* LoginViewController.swift */; };
		09FF68961D3EC18800EF4551 /* Main.storyboard in Resources */ = {isa = PBXBuildFile; fileRef = 09FF68941D3EC18800EF4551 /* Main.storyboard */; };
		09FF68991D3EC18800EF4551 /* Trucky.xcdatamodeld in Sources */ = {isa = PBXBuildFile; fileRef = 09FF68971D3EC18800EF4551 /* Trucky.xcdatamodeld */; };
		09FF689B1D3EC18800EF4551 /* Assets.xcassets in Resources */ = {isa = PBXBuildFile; fileRef = 09FF689A1D3EC18800EF4551 /* Assets.xcassets */; };
		09FF689E1D3EC18800EF4551 /* LaunchScreen.storyboard in Resources */ = {isa = PBXBuildFile; fileRef = 09FF689C1D3EC18800EF4551 /* LaunchScreen.storyboard */; };
		09FF68A91D3EC18800EF4551 /* TruckyTests.swift in Sources */ = {isa = PBXBuildFile; fileRef = 09FF68A81D3EC18800EF4551 /* TruckyTests.swift */; };
		09FF68B41D3EC18800EF4551 /* TruckyUITests.swift in Sources */ = {isa = PBXBuildFile; fileRef = 09FF68B31D3EC18800EF4551 /* TruckyUITests.swift */; };
		09FF68C21D3EC1C000EF4551 /* GoogleService-Info.plist in Resources */ = {isa = PBXBuildFile; fileRef = 09FF68C11D3EC1C000EF4551 /* GoogleService-Info.plist */; };
		76EAB742C5577DDE3D55E0F6 /* Pods_Trucky.framework in Frameworks */ = {isa = PBXBuildFile; fileRef = 2D2C3B4FF9458BA2F8CD8774 /* Pods_Trucky.framework */; };
		7B2F41CE1D932876004E7A13 /* FirebaseController.swift in Sources */ = {isa = PBXBuildFile; fileRef = 7B2F41CD1D932876004E7A13 /* FirebaseController.swift */; };
		7B67BAE81D80C3AB00B0DF03 /* YelpAPI.swift in Sources */ = {isa = PBXBuildFile; fileRef = 7B67BAE71D80C3AB00B0DF03 /* YelpAPI.swift */; };
		7B735DE71D95BCE60029D13E /* LocationService.swift in Sources */ = {isa = PBXBuildFile; fileRef = 7B735DE61D95BCE60029D13E /* LocationService.swift */; };
		7BE966191D9B2BAD0038ABBE /* YelpAPIFusion.swift in Sources */ = {isa = PBXBuildFile; fileRef = 7BE966181D9B2BAD0038ABBE /* YelpAPIFusion.swift */; };
/* End PBXBuildFile section */

/* Begin PBXContainerItemProxy section */
		09FF68A51D3EC18800EF4551 /* PBXContainerItemProxy */ = {
			isa = PBXContainerItemProxy;
			containerPortal = 09FF68851D3EC18800EF4551 /* Project object */;
			proxyType = 1;
			remoteGlobalIDString = 09FF688C1D3EC18800EF4551;
			remoteInfo = Trucky;
		};
		09FF68B01D3EC18800EF4551 /* PBXContainerItemProxy */ = {
			isa = PBXContainerItemProxy;
			containerPortal = 09FF68851D3EC18800EF4551 /* Project object */;
			proxyType = 1;
			remoteGlobalIDString = 09FF688C1D3EC18800EF4551;
			remoteInfo = Trucky;
		};
/* End PBXContainerItemProxy section */

/* Begin PBXFileReference section */
		090AE2BE1D6F9CDE000BAFBD /* EditProfileViewController.swift */ = {isa = PBXFileReference; fileEncoding = 4; lastKnownFileType = sourcecode.swift; path = EditProfileViewController.swift; sourceTree = "<group>"; };
		093DFCC81D9B41FE0052AC9E /* Customer.swift */ = {isa = PBXFileReference; fileEncoding = 4; lastKnownFileType = sourcecode.swift; path = Customer.swift; sourceTree = "<group>"; };
		0957DB281D6621DA00B38BB2 /* BusinessProfileViewController.swift */ = {isa = PBXFileReference; fileEncoding = 4; lastKnownFileType = sourcecode.swift; path = BusinessProfileViewController.swift; sourceTree = "<group>"; };
		095834291D83426700EBDF9A /* DetailTableViewCell.swift */ = {isa = PBXFileReference; fileEncoding = 4; lastKnownFileType = sourcecode.swift; path = DetailTableViewCell.swift; sourceTree = "<group>"; };
		095F09AF1D400658007E8F5B /* MapKit.framework */ = {isa = PBXFileReference; lastKnownFileType = wrapper.framework; name = MapKit.framework; path = System/Library/Frameworks/MapKit.framework; sourceTree = SDKROOT; };
		095F09B51D400768007E8F5B /* TruckViewController.swift */ = {isa = PBXFileReference; fileEncoding = 4; lastKnownFileType = sourcecode.swift; path = TruckViewController.swift; sourceTree = "<group>"; };
		095F09B91D400CEA007E8F5B /* CoreLocation.framework */ = {isa = PBXFileReference; lastKnownFileType = wrapper.framework; name = CoreLocation.framework; path = System/Library/Frameworks/CoreLocation.framework; sourceTree = SDKROOT; };
		096F21991D4BB29500B42813 /* Business.swift */ = {isa = PBXFileReference; fileEncoding = 4; lastKnownFileType = sourcecode.swift; path = Business.swift; sourceTree = "<group>"; };
		096F219B1D4BB81200B42813 /* CreateTruckViewController.swift */ = {isa = PBXFileReference; fileEncoding = 4; lastKnownFileType = sourcecode.swift; path = CreateTruckViewController.swift; sourceTree = "<group>"; };
		0971AB851D8BCA41008B756D /* WebViewController.swift */ = {isa = PBXFileReference; fileEncoding = 4; lastKnownFileType = sourcecode.swift; path = WebViewController.swift; sourceTree = "<group>"; };
		097ED68E1D8B4ED9002B4B9B /* CustomAnnotationView.swift */ = {isa = PBXFileReference; fileEncoding = 4; lastKnownFileType = sourcecode.swift; path = CustomAnnotationView.swift; sourceTree = "<group>"; };
		099DE8CA1D8CB10E0006AE62 /* Trucky.entitlements */ = {isa = PBXFileReference; lastKnownFileType = text.plist.entitlements; path = Trucky.entitlements; sourceTree = "<group>"; };
		09ADB7041D67BE3900890CDB /* Truck.swift */ = {isa = PBXFileReference; fileEncoding = 4; lastKnownFileType = sourcecode.swift; path = Truck.swift; sourceTree = "<group>"; };
		09ADB7061D67C1E100890CDB /* CustomAnnotation.swift */ = {isa = PBXFileReference; fileEncoding = 4; lastKnownFileType = sourcecode.swift; path = CustomAnnotation.swift; sourceTree = "<group>"; };
		09C926D01D75402100605B67 /* SlideMenuViewController.swift */ = {isa = PBXFileReference; fileEncoding = 4; lastKnownFileType = sourcecode.swift; path = SlideMenuViewController.swift; sourceTree = "<group>"; };
		09D4B2461D6A318B002676D1 /* BusinessTableViewCell.swift */ = {isa = PBXFileReference; fileEncoding = 4; lastKnownFileType = sourcecode.swift; path = BusinessTableViewCell.swift; sourceTree = "<group>"; };
		09DFDE5E1D9DB0FE00DF7D39 /* background.mp4 */ = {isa = PBXFileReference; lastKnownFileType = file; path = background.mp4; sourceTree = "<group>"; };
		09E73B4E1D9B2550006D5C27 /* CustomerLoginViewController.swift */ = {isa = PBXFileReference; fileEncoding = 4; lastKnownFileType = sourcecode.swift; path = CustomerLoginViewController.swift; sourceTree = "<group>"; };
		09E73B501D9B256F006D5C27 /* CreateCustomerViewController.swift */ = {isa = PBXFileReference; fileEncoding = 4; lastKnownFileType = sourcecode.swift; path = CreateCustomerViewController.swift; sourceTree = "<group>"; };
		09E73B521D9B2584006D5C27 /* EditCustomerViewController.swift */ = {isa = PBXFileReference; fileEncoding = 4; lastKnownFileType = sourcecode.swift; path = EditCustomerViewController.swift; sourceTree = "<group>"; };
		09E73B541D9B25AB006D5C27 /* InitialViewController.swift */ = {isa = PBXFileReference; fileEncoding = 4; lastKnownFileType = sourcecode.swift; path = InitialViewController.swift; sourceTree = "<group>"; };
		09FF688D1D3EC18800EF4551 /* Trucky.app */ = {isa = PBXFileReference; explicitFileType = wrapper.application; includeInIndex = 0; path = Trucky.app; sourceTree = BUILT_PRODUCTS_DIR; };
		09FF68901D3EC18800EF4551 /* AppDelegate.swift */ = {isa = PBXFileReference; lastKnownFileType = sourcecode.swift; path = AppDelegate.swift; sourceTree = "<group>"; };
		09FF68921D3EC18800EF4551 /* LoginViewController.swift */ = {isa = PBXFileReference; lastKnownFileType = sourcecode.swift; path = LoginViewController.swift; sourceTree = "<group>"; };
		09FF68951D3EC18800EF4551 /* Base */ = {isa = PBXFileReference; lastKnownFileType = file.storyboard; name = Base; path = Base.lproj/Main.storyboard; sourceTree = "<group>"; };
		09FF68981D3EC18800EF4551 /* Trucky.xcdatamodel */ = {isa = PBXFileReference; lastKnownFileType = wrapper.xcdatamodel; path = Trucky.xcdatamodel; sourceTree = "<group>"; };
		09FF689A1D3EC18800EF4551 /* Assets.xcassets */ = {isa = PBXFileReference; lastKnownFileType = folder.assetcatalog; path = Assets.xcassets; sourceTree = "<group>"; };
		09FF689D1D3EC18800EF4551 /* Base */ = {isa = PBXFileReference; lastKnownFileType = file.storyboard; name = Base; path = Base.lproj/LaunchScreen.storyboard; sourceTree = "<group>"; };
		09FF689F1D3EC18800EF4551 /* Info.plist */ = {isa = PBXFileReference; lastKnownFileType = text.plist.xml; path = Info.plist; sourceTree = "<group>"; };
		09FF68A41D3EC18800EF4551 /* TruckyTests.xctest */ = {isa = PBXFileReference; explicitFileType = wrapper.cfbundle; includeInIndex = 0; path = TruckyTests.xctest; sourceTree = BUILT_PRODUCTS_DIR; };
		09FF68A81D3EC18800EF4551 /* TruckyTests.swift */ = {isa = PBXFileReference; lastKnownFileType = sourcecode.swift; path = TruckyTests.swift; sourceTree = "<group>"; };
		09FF68AA1D3EC18800EF4551 /* Info.plist */ = {isa = PBXFileReference; lastKnownFileType = text.plist.xml; path = Info.plist; sourceTree = "<group>"; };
		09FF68AF1D3EC18800EF4551 /* TruckyUITests.xctest */ = {isa = PBXFileReference; explicitFileType = wrapper.cfbundle; includeInIndex = 0; path = TruckyUITests.xctest; sourceTree = BUILT_PRODUCTS_DIR; };
		09FF68B31D3EC18800EF4551 /* TruckyUITests.swift */ = {isa = PBXFileReference; lastKnownFileType = sourcecode.swift; path = TruckyUITests.swift; sourceTree = "<group>"; };
		09FF68B51D3EC18800EF4551 /* Info.plist */ = {isa = PBXFileReference; lastKnownFileType = text.plist.xml; path = Info.plist; sourceTree = "<group>"; };
		09FF68C11D3EC1C000EF4551 /* GoogleService-Info.plist */ = {isa = PBXFileReference; fileEncoding = 4; lastKnownFileType = text.plist.xml; path = "GoogleService-Info.plist"; sourceTree = "<group>"; };
		2D2C3B4FF9458BA2F8CD8774 /* Pods_Trucky.framework */ = {isa = PBXFileReference; explicitFileType = wrapper.framework; includeInIndex = 0; path = Pods_Trucky.framework; sourceTree = BUILT_PRODUCTS_DIR; };
		6E0E4B358E120246D05E2083 /* Pods-Trucky.release.xcconfig */ = {isa = PBXFileReference; includeInIndex = 1; lastKnownFileType = text.xcconfig; name = "Pods-Trucky.release.xcconfig"; path = "Pods/Target Support Files/Pods-Trucky/Pods-Trucky.release.xcconfig"; sourceTree = "<group>"; };
		729D30F36C980294FBFDF0D9 /* Pods-Trucky.debug.xcconfig */ = {isa = PBXFileReference; includeInIndex = 1; lastKnownFileType = text.xcconfig; name = "Pods-Trucky.debug.xcconfig"; path = "Pods/Target Support Files/Pods-Trucky/Pods-Trucky.debug.xcconfig"; sourceTree = "<group>"; };
		7B2F41CD1D932876004E7A13 /* FirebaseController.swift */ = {isa = PBXFileReference; fileEncoding = 4; lastKnownFileType = sourcecode.swift; path = FirebaseController.swift; sourceTree = "<group>"; };
		7B67BAE71D80C3AB00B0DF03 /* YelpAPI.swift */ = {isa = PBXFileReference; fileEncoding = 4; lastKnownFileType = sourcecode.swift; path = YelpAPI.swift; sourceTree = "<group>"; };
		7B735DE61D95BCE60029D13E /* LocationService.swift */ = {isa = PBXFileReference; fileEncoding = 4; lastKnownFileType = sourcecode.swift; path = LocationService.swift; sourceTree = "<group>"; };
		7BE966181D9B2BAD0038ABBE /* YelpAPIFusion.swift */ = {isa = PBXFileReference; fileEncoding = 4; lastKnownFileType = sourcecode.swift; path = YelpAPIFusion.swift; sourceTree = "<group>"; };
/* End PBXFileReference section */

/* Begin PBXFrameworksBuildPhase section */
		09FF688A1D3EC18800EF4551 /* Frameworks */ = {
			isa = PBXFrameworksBuildPhase;
			buildActionMask = 2147483647;
			files = (
				095F09BA1D400CEA007E8F5B /* CoreLocation.framework in Frameworks */,
				095F09B01D400658007E8F5B /* MapKit.framework in Frameworks */,
				76EAB742C5577DDE3D55E0F6 /* Pods_Trucky.framework in Frameworks */,
			);
			runOnlyForDeploymentPostprocessing = 0;
		};
		09FF68A11D3EC18800EF4551 /* Frameworks */ = {
			isa = PBXFrameworksBuildPhase;
			buildActionMask = 2147483647;
			files = (
			);
			runOnlyForDeploymentPostprocessing = 0;
		};
		09FF68AC1D3EC18800EF4551 /* Frameworks */ = {
			isa = PBXFrameworksBuildPhase;
			buildActionMask = 2147483647;
			files = (
			);
			runOnlyForDeploymentPostprocessing = 0;
		};
/* End PBXFrameworksBuildPhase section */

/* Begin PBXGroup section */
		09FF68841D3EC18800EF4551 = {
			isa = PBXGroup;
			children = (
				09DFDE5E1D9DB0FE00DF7D39 /* background.mp4 */,
				7B390EAC1D73C685003EAD59 /* ViewControllers */,
				7B390EAD1D73C6A4003EAD59 /* Customs */,
				09FF688F1D3EC18800EF4551 /* Trucky */,
				09FF68A71D3EC18800EF4551 /* TruckyTests */,
				09FF68B21D3EC18800EF4551 /* TruckyUITests */,
				09FF688E1D3EC18800EF4551 /* Products */,
				556CB578E3E16385F5C6F0B2 /* Pods */,
				86A6BBF02A39C4C17595840A /* Frameworks */,
			);
			sourceTree = "<group>";
		};
		09FF688E1D3EC18800EF4551 /* Products */ = {
			isa = PBXGroup;
			children = (
				09FF688D1D3EC18800EF4551 /* Trucky.app */,
				09FF68A41D3EC18800EF4551 /* TruckyTests.xctest */,
				09FF68AF1D3EC18800EF4551 /* TruckyUITests.xctest */,
			);
			name = Products;
			sourceTree = "<group>";
		};
		09FF688F1D3EC18800EF4551 /* Trucky */ = {
			isa = PBXGroup;
			children = (
				09FF68941D3EC18800EF4551 /* Main.storyboard */,
				09FF68901D3EC18800EF4551 /* AppDelegate.swift */,
				09FF689A1D3EC18800EF4551 /* Assets.xcassets */,
				09FF689C1D3EC18800EF4551 /* LaunchScreen.storyboard */,
				09FF689F1D3EC18800EF4551 /* Info.plist */,
				09FF68C11D3EC1C000EF4551 /* GoogleService-Info.plist */,
				09FF68971D3EC18800EF4551 /* Trucky.xcdatamodeld */,
				099DE8CA1D8CB10E0006AE62 /* Trucky.entitlements */,
			);
			path = Trucky;
			sourceTree = "<group>";
		};
		09FF68A71D3EC18800EF4551 /* TruckyTests */ = {
			isa = PBXGroup;
			children = (
				09FF68A81D3EC18800EF4551 /* TruckyTests.swift */,
				09FF68AA1D3EC18800EF4551 /* Info.plist */,
			);
			path = TruckyTests;
			sourceTree = "<group>";
		};
		09FF68B21D3EC18800EF4551 /* TruckyUITests */ = {
			isa = PBXGroup;
			children = (
				09FF68B31D3EC18800EF4551 /* TruckyUITests.swift */,
				09FF68B51D3EC18800EF4551 /* Info.plist */,
			);
			path = TruckyUITests;
			sourceTree = "<group>";
		};
		556CB578E3E16385F5C6F0B2 /* Pods */ = {
			isa = PBXGroup;
			children = (
				729D30F36C980294FBFDF0D9 /* Pods-Trucky.debug.xcconfig */,
				6E0E4B358E120246D05E2083 /* Pods-Trucky.release.xcconfig */,
			);
			name = Pods;
			sourceTree = "<group>";
		};
		7B390EAC1D73C685003EAD59 /* ViewControllers */ = {
			isa = PBXGroup;
			children = (
				09E73B541D9B25AB006D5C27 /* InitialViewController.swift */,
				09FF68921D3EC18800EF4551 /* LoginViewController.swift */,
				09E73B4E1D9B2550006D5C27 /* CustomerLoginViewController.swift */,
				096F219B1D4BB81200B42813 /* CreateTruckViewController.swift */,
				09E73B501D9B256F006D5C27 /* CreateCustomerViewController.swift */,
				095F09B51D400768007E8F5B /* TruckViewController.swift */,
				090AE2BE1D6F9CDE000BAFBD /* EditProfileViewController.swift */,
				09E73B521D9B2584006D5C27 /* EditCustomerViewController.swift */,
				0957DB281D6621DA00B38BB2 /* BusinessProfileViewController.swift */,
				09C926D01D75402100605B67 /* SlideMenuViewController.swift */,
				0971AB851D8BCA41008B756D /* WebViewController.swift */,
				7B735DE51D95BC8B0029D13E /* CustomView */,
			);
			name = ViewControllers;
			path = Trucky;
			sourceTree = "<group>";
		};
		7B390EAD1D73C6A4003EAD59 /* Customs */ = {
			isa = PBXGroup;
			children = (
				7B735DE61D95BCE60029D13E /* LocationService.swift */,
				7B2F41CD1D932876004E7A13 /* FirebaseController.swift */,
				7B67BAE71D80C3AB00B0DF03 /* YelpAPI.swift */,
				7BE966181D9B2BAD0038ABBE /* YelpAPIFusion.swift */,
				7B735DE41D95BC470029D13E /* Custom Objects */,
			);
			name = Customs;
			path = Trucky;
			sourceTree = "<group>";
		};
		7B735DE41D95BC470029D13E /* Custom Objects */ = {
			isa = PBXGroup;
			children = (
				096F21991D4BB29500B42813 /* Business.swift */,
				09ADB7041D67BE3900890CDB /* Truck.swift */,
				093DFCC81D9B41FE0052AC9E /* Customer.swift */,
			);
			name = "Custom Objects";
			sourceTree = "<group>";
		};
		7B735DE51D95BC8B0029D13E /* CustomView */ = {
			isa = PBXGroup;
			children = (
				095834291D83426700EBDF9A /* DetailTableViewCell.swift */,
				09D4B2461D6A318B002676D1 /* BusinessTableViewCell.swift */,
				097ED68E1D8B4ED9002B4B9B /* CustomAnnotationView.swift */,
				09ADB7061D67C1E100890CDB /* CustomAnnotation.swift */,
			);
			name = CustomView;
			sourceTree = "<group>";
		};
		86A6BBF02A39C4C17595840A /* Frameworks */ = {
			isa = PBXGroup;
			children = (
				095F09B91D400CEA007E8F5B /* CoreLocation.framework */,
				095F09AF1D400658007E8F5B /* MapKit.framework */,
				2D2C3B4FF9458BA2F8CD8774 /* Pods_Trucky.framework */,
			);
			name = Frameworks;
			sourceTree = "<group>";
		};
/* End PBXGroup section */

/* Begin PBXNativeTarget section */
		09FF688C1D3EC18800EF4551 /* Trucky */ = {
			isa = PBXNativeTarget;
			buildConfigurationList = 09FF68B81D3EC18800EF4551 /* Build configuration list for PBXNativeTarget "Trucky" */;
			buildPhases = (
				F0BB91500D9DC16FEAA25FB1 /* 📦 Check Pods Manifest.lock */,
				78A1D4CFAFE8E6659909B9DF /* Check Pods Manifest.lock */,
				09FF68891D3EC18800EF4551 /* Sources */,
				09FF688A1D3EC18800EF4551 /* Frameworks */,
				09FF688B1D3EC18800EF4551 /* Resources */,
				ECB4F103F19FACDE30A53B56 /* 📦 Embed Pods Frameworks */,
				F61163FC1B19AC11AFABBC17 /* 📦 Copy Pods Resources */,
				B5B8EF7384F4D76A6F2FEB16 /* Embed Pods Frameworks */,
				B8E9F8E0F2E1351226497EDD /* Copy Pods Resources */,
			);
			buildRules = (
			);
			dependencies = (
			);
			name = Trucky;
			productName = Trucky;
			productReference = 09FF688D1D3EC18800EF4551 /* Trucky.app */;
			productType = "com.apple.product-type.application";
		};
		09FF68A31D3EC18800EF4551 /* TruckyTests */ = {
			isa = PBXNativeTarget;
			buildConfigurationList = 09FF68BB1D3EC18800EF4551 /* Build configuration list for PBXNativeTarget "TruckyTests" */;
			buildPhases = (
				09FF68A01D3EC18800EF4551 /* Sources */,
				09FF68A11D3EC18800EF4551 /* Frameworks */,
				09FF68A21D3EC18800EF4551 /* Resources */,
			);
			buildRules = (
			);
			dependencies = (
				09FF68A61D3EC18800EF4551 /* PBXTargetDependency */,
			);
			name = TruckyTests;
			productName = TruckyTests;
			productReference = 09FF68A41D3EC18800EF4551 /* TruckyTests.xctest */;
			productType = "com.apple.product-type.bundle.unit-test";
		};
		09FF68AE1D3EC18800EF4551 /* TruckyUITests */ = {
			isa = PBXNativeTarget;
			buildConfigurationList = 09FF68BE1D3EC18800EF4551 /* Build configuration list for PBXNativeTarget "TruckyUITests" */;
			buildPhases = (
				09FF68AB1D3EC18800EF4551 /* Sources */,
				09FF68AC1D3EC18800EF4551 /* Frameworks */,
				09FF68AD1D3EC18800EF4551 /* Resources */,
			);
			buildRules = (
			);
			dependencies = (
				09FF68B11D3EC18800EF4551 /* PBXTargetDependency */,
			);
			name = TruckyUITests;
			productName = TruckyUITests;
			productReference = 09FF68AF1D3EC18800EF4551 /* TruckyUITests.xctest */;
			productType = "com.apple.product-type.bundle.ui-testing";
		};
/* End PBXNativeTarget section */

/* Begin PBXProject section */
		09FF68851D3EC18800EF4551 /* Project object */ = {
			isa = PBXProject;
			attributes = {
				LastSwiftUpdateCheck = 0730;
				LastUpgradeCheck = 0800;
				ORGANIZATIONNAME = Kyle;
				TargetAttributes = {
					09FF688C1D3EC18800EF4551 = {
						CreatedOnToolsVersion = 7.3.1;
						DevelopmentTeam = 7G99974HDG;
						LastSwiftMigration = 0800;
						SystemCapabilities = {
							com.apple.ApplePay = {
								enabled = 0;
							};
							com.apple.Keychain = {
								enabled = 1;
							};
						};
					};
					09FF68A31D3EC18800EF4551 = {
						CreatedOnToolsVersion = 7.3.1;
						LastSwiftMigration = 0800;
						TestTargetID = 09FF688C1D3EC18800EF4551;
					};
					09FF68AE1D3EC18800EF4551 = {
						CreatedOnToolsVersion = 7.3.1;
						LastSwiftMigration = 0800;
						TestTargetID = 09FF688C1D3EC18800EF4551;
					};
				};
			};
			buildConfigurationList = 09FF68881D3EC18800EF4551 /* Build configuration list for PBXProject "Trucky" */;
			compatibilityVersion = "Xcode 3.2";
			developmentRegion = English;
			hasScannedForEncodings = 0;
			knownRegions = (
				en,
				Base,
			);
			mainGroup = 09FF68841D3EC18800EF4551;
			productRefGroup = 09FF688E1D3EC18800EF4551 /* Products */;
			projectDirPath = "";
			projectRoot = "";
			targets = (
				09FF688C1D3EC18800EF4551 /* Trucky */,
				09FF68A31D3EC18800EF4551 /* TruckyTests */,
				09FF68AE1D3EC18800EF4551 /* TruckyUITests */,
			);
		};
/* End PBXProject section */

/* Begin PBXResourcesBuildPhase section */
		09FF688B1D3EC18800EF4551 /* Resources */ = {
			isa = PBXResourcesBuildPhase;
			buildActionMask = 2147483647;
			files = (
				09FF689E1D3EC18800EF4551 /* LaunchScreen.storyboard in Resources */,
				09FF68C21D3EC1C000EF4551 /* GoogleService-Info.plist in Resources */,
				09FF689B1D3EC18800EF4551 /* Assets.xcassets in Resources */,
				09FF68961D3EC18800EF4551 /* Main.storyboard in Resources */,
				09DFDE5F1D9DB0FE00DF7D39 /* background.mp4 in Resources */,
			);
			runOnlyForDeploymentPostprocessing = 0;
		};
		09FF68A21D3EC18800EF4551 /* Resources */ = {
			isa = PBXResourcesBuildPhase;
			buildActionMask = 2147483647;
			files = (
			);
			runOnlyForDeploymentPostprocessing = 0;
		};
		09FF68AD1D3EC18800EF4551 /* Resources */ = {
			isa = PBXResourcesBuildPhase;
			buildActionMask = 2147483647;
			files = (
			);
			runOnlyForDeploymentPostprocessing = 0;
		};
/* End PBXResourcesBuildPhase section */

/* Begin PBXShellScriptBuildPhase section */
		78A1D4CFAFE8E6659909B9DF /* Check Pods Manifest.lock */ = {
			isa = PBXShellScriptBuildPhase;
			buildActionMask = 2147483647;
			files = (
			);
			inputPaths = (
			);
			name = "Check Pods Manifest.lock";
			outputPaths = (
			);
			runOnlyForDeploymentPostprocessing = 0;
			shellPath = /bin/sh;
			shellScript = "diff \"${PODS_ROOT}/../Podfile.lock\" \"${PODS_ROOT}/Manifest.lock\" > /dev/null\nif [[ $? != 0 ]] ; then\n    cat << EOM\nerror: The sandbox is not in sync with the Podfile.lock. Run 'pod install' or update your CocoaPods installation.\nEOM\n    exit 1\nfi\n";
			showEnvVarsInLog = 0;
		};
		B5B8EF7384F4D76A6F2FEB16 /* Embed Pods Frameworks */ = {
			isa = PBXShellScriptBuildPhase;
			buildActionMask = 2147483647;
			files = (
			);
			inputPaths = (
			);
			name = "Embed Pods Frameworks";
			outputPaths = (
			);
			runOnlyForDeploymentPostprocessing = 0;
			shellPath = /bin/sh;
			shellScript = "\"${SRCROOT}/Pods/Target Support Files/Pods-Trucky/Pods-Trucky-frameworks.sh\"\n";
			showEnvVarsInLog = 0;
		};
		B8E9F8E0F2E1351226497EDD /* Copy Pods Resources */ = {
			isa = PBXShellScriptBuildPhase;
			buildActionMask = 2147483647;
			files = (
			);
			inputPaths = (
			);
			name = "Copy Pods Resources";
			outputPaths = (
			);
			runOnlyForDeploymentPostprocessing = 0;
			shellPath = /bin/sh;
			shellScript = "\"${SRCROOT}/Pods/Target Support Files/Pods-Trucky/Pods-Trucky-resources.sh\"\n";
			showEnvVarsInLog = 0;
		};
		ECB4F103F19FACDE30A53B56 /* 📦 Embed Pods Frameworks */ = {
			isa = PBXShellScriptBuildPhase;
			buildActionMask = 2147483647;
			files = (
			);
			inputPaths = (
			);
			name = "📦 Embed Pods Frameworks";
			outputPaths = (
			);
			runOnlyForDeploymentPostprocessing = 0;
			shellPath = /bin/sh;
			shellScript = "\"${SRCROOT}/Pods/Target Support Files/Pods-Trucky/Pods-Trucky-frameworks.sh\"\n";
			showEnvVarsInLog = 0;
		};
		F0BB91500D9DC16FEAA25FB1 /* 📦 Check Pods Manifest.lock */ = {
			isa = PBXShellScriptBuildPhase;
			buildActionMask = 2147483647;
			files = (
			);
			inputPaths = (
			);
			name = "📦 Check Pods Manifest.lock";
			outputPaths = (
			);
			runOnlyForDeploymentPostprocessing = 0;
			shellPath = /bin/sh;
			shellScript = "diff \"${PODS_ROOT}/../Podfile.lock\" \"${PODS_ROOT}/Manifest.lock\" > /dev/null\nif [[ $? != 0 ]] ; then\n    cat << EOM\nerror: The sandbox is not in sync with the Podfile.lock. Run 'pod install' or update your CocoaPods installation.\nEOM\n    exit 1\nfi\n";
			showEnvVarsInLog = 0;
		};
		F61163FC1B19AC11AFABBC17 /* 📦 Copy Pods Resources */ = {
			isa = PBXShellScriptBuildPhase;
			buildActionMask = 2147483647;
			files = (
			);
			inputPaths = (
			);
			name = "📦 Copy Pods Resources";
			outputPaths = (
			);
			runOnlyForDeploymentPostprocessing = 0;
			shellPath = /bin/sh;
			shellScript = "\"${SRCROOT}/Pods/Target Support Files/Pods-Trucky/Pods-Trucky-resources.sh\"\n";
			showEnvVarsInLog = 0;
		};
/* End PBXShellScriptBuildPhase section */

/* Begin PBXSourcesBuildPhase section */
		09FF68891D3EC18800EF4551 /* Sources */ = {
			isa = PBXSourcesBuildPhase;
			buildActionMask = 2147483647;
			files = (
				095F09B61D400768007E8F5B /* TruckViewController.swift in Sources */,
				097ED68F1D8B4ED9002B4B9B /* CustomAnnotationView.swift in Sources */,
				09C926D11D75402100605B67 /* SlideMenuViewController.swift in Sources */,
				09E73B531D9B2584006D5C27 /* EditCustomerViewController.swift in Sources */,
				0958342A1D83426700EBDF9A /* DetailTableViewCell.swift in Sources */,
				7BE966191D9B2BAD0038ABBE /* YelpAPIFusion.swift in Sources */,
				093DFCC91D9B41FE0052AC9E /* Customer.swift in Sources */,
				7B2F41CE1D932876004E7A13 /* FirebaseController.swift in Sources */,
				096F219A1D4BB29500B42813 /* Business.swift in Sources */,
				0957DB291D6621DA00B38BB2 /* BusinessProfileViewController.swift in Sources */,
				09FF68991D3EC18800EF4551 /* Trucky.xcdatamodeld in Sources */,
				096F219C1D4BB81200B42813 /* CreateTruckViewController.swift in Sources */,
				09FF68931D3EC18800EF4551 /* LoginViewController.swift in Sources */,
				09ADB7071D67C1E100890CDB /* CustomAnnotation.swift in Sources */,
				090AE2BF1D6F9CDE000BAFBD /* EditProfileViewController.swift in Sources */,
				09E73B551D9B25AB006D5C27 /* InitialViewController.swift in Sources */,
				7B67BAE81D80C3AB00B0DF03 /* YelpAPI.swift in Sources */,
				09FF68911D3EC18800EF4551 /* AppDelegate.swift in Sources */,
				09ADB7051D67BE3900890CDB /* Truck.swift in Sources */,
				09D4B2471D6A318B002676D1 /* BusinessTableViewCell.swift in Sources */,
				7B735DE71D95BCE60029D13E /* LocationService.swift in Sources */,
				09E73B4F1D9B2550006D5C27 /* CustomerLoginViewController.swift in Sources */,
				09E73B511D9B256F006D5C27 /* CreateCustomerViewController.swift in Sources */,
				0971AB861D8BCA41008B756D /* WebViewController.swift in Sources */,
			);
			runOnlyForDeploymentPostprocessing = 0;
		};
		09FF68A01D3EC18800EF4551 /* Sources */ = {
			isa = PBXSourcesBuildPhase;
			buildActionMask = 2147483647;
			files = (
				09FF68A91D3EC18800EF4551 /* TruckyTests.swift in Sources */,
			);
			runOnlyForDeploymentPostprocessing = 0;
		};
		09FF68AB1D3EC18800EF4551 /* Sources */ = {
			isa = PBXSourcesBuildPhase;
			buildActionMask = 2147483647;
			files = (
				09FF68B41D3EC18800EF4551 /* TruckyUITests.swift in Sources */,
			);
			runOnlyForDeploymentPostprocessing = 0;
		};
/* End PBXSourcesBuildPhase section */

/* Begin PBXTargetDependency section */
		09FF68A61D3EC18800EF4551 /* PBXTargetDependency */ = {
			isa = PBXTargetDependency;
			target = 09FF688C1D3EC18800EF4551 /* Trucky */;
			targetProxy = 09FF68A51D3EC18800EF4551 /* PBXContainerItemProxy */;
		};
		09FF68B11D3EC18800EF4551 /* PBXTargetDependency */ = {
			isa = PBXTargetDependency;
			target = 09FF688C1D3EC18800EF4551 /* Trucky */;
			targetProxy = 09FF68B01D3EC18800EF4551 /* PBXContainerItemProxy */;
		};
/* End PBXTargetDependency section */

/* Begin PBXVariantGroup section */
		09FF68941D3EC18800EF4551 /* Main.storyboard */ = {
			isa = PBXVariantGroup;
			children = (
				09FF68951D3EC18800EF4551 /* Base */,
			);
			name = Main.storyboard;
			sourceTree = "<group>";
		};
		09FF689C1D3EC18800EF4551 /* LaunchScreen.storyboard */ = {
			isa = PBXVariantGroup;
			children = (
				09FF689D1D3EC18800EF4551 /* Base */,
			);
			name = LaunchScreen.storyboard;
			sourceTree = "<group>";
		};
/* End PBXVariantGroup section */

/* Begin XCBuildConfiguration section */
		09FF68B61D3EC18800EF4551 /* Debug */ = {
			isa = XCBuildConfiguration;
			buildSettings = {
				ALWAYS_SEARCH_USER_PATHS = NO;
				CLANG_ANALYZER_NONNULL = YES;
				CLANG_CXX_LANGUAGE_STANDARD = "gnu++0x";
				CLANG_CXX_LIBRARY = "libc++";
				CLANG_ENABLE_MODULES = YES;
				CLANG_ENABLE_OBJC_ARC = YES;
				CLANG_WARN_BOOL_CONVERSION = YES;
				CLANG_WARN_CONSTANT_CONVERSION = YES;
				CLANG_WARN_DIRECT_OBJC_ISA_USAGE = YES_ERROR;
				CLANG_WARN_EMPTY_BODY = YES;
				CLANG_WARN_ENUM_CONVERSION = YES;
				CLANG_WARN_INFINITE_RECURSION = YES;
				CLANG_WARN_INT_CONVERSION = YES;
				CLANG_WARN_OBJC_ROOT_CLASS = YES_ERROR;
				CLANG_WARN_SUSPICIOUS_MOVE = YES;
				CLANG_WARN_UNREACHABLE_CODE = YES;
				CLANG_WARN__DUPLICATE_METHOD_MATCH = YES;
				"CODE_SIGN_IDENTITY[sdk=iphoneos*]" = "iPhone Developer";
				COPY_PHASE_STRIP = NO;
				DEBUG_INFORMATION_FORMAT = dwarf;
				ENABLE_STRICT_OBJC_MSGSEND = YES;
				ENABLE_TESTABILITY = YES;
				GCC_C_LANGUAGE_STANDARD = gnu99;
				GCC_DYNAMIC_NO_PIC = NO;
				GCC_NO_COMMON_BLOCKS = YES;
				GCC_OPTIMIZATION_LEVEL = 0;
				GCC_PREPROCESSOR_DEFINITIONS = (
					"DEBUG=1",
					"$(inherited)",
				);
				GCC_WARN_64_TO_32_BIT_CONVERSION = YES;
				GCC_WARN_ABOUT_RETURN_TYPE = YES_ERROR;
				GCC_WARN_UNDECLARED_SELECTOR = YES;
				GCC_WARN_UNINITIALIZED_AUTOS = YES_AGGRESSIVE;
				GCC_WARN_UNUSED_FUNCTION = YES;
				GCC_WARN_UNUSED_VARIABLE = YES;
				IPHONEOS_DEPLOYMENT_TARGET = 9.3;
				MTL_ENABLE_DEBUG_INFO = YES;
				ONLY_ACTIVE_ARCH = YES;
				SDKROOT = iphoneos;
				SWIFT_OPTIMIZATION_LEVEL = "-Onone";
			};
			name = Debug;
		};
		09FF68B71D3EC18800EF4551 /* Release */ = {
			isa = XCBuildConfiguration;
			buildSettings = {
				ALWAYS_SEARCH_USER_PATHS = NO;
				CLANG_ANALYZER_NONNULL = YES;
				CLANG_CXX_LANGUAGE_STANDARD = "gnu++0x";
				CLANG_CXX_LIBRARY = "libc++";
				CLANG_ENABLE_MODULES = YES;
				CLANG_ENABLE_OBJC_ARC = YES;
				CLANG_WARN_BOOL_CONVERSION = YES;
				CLANG_WARN_CONSTANT_CONVERSION = YES;
				CLANG_WARN_DIRECT_OBJC_ISA_USAGE = YES_ERROR;
				CLANG_WARN_EMPTY_BODY = YES;
				CLANG_WARN_ENUM_CONVERSION = YES;
				CLANG_WARN_INFINITE_RECURSION = YES;
				CLANG_WARN_INT_CONVERSION = YES;
				CLANG_WARN_OBJC_ROOT_CLASS = YES_ERROR;
				CLANG_WARN_SUSPICIOUS_MOVE = YES;
				CLANG_WARN_UNREACHABLE_CODE = YES;
				CLANG_WARN__DUPLICATE_METHOD_MATCH = YES;
				"CODE_SIGN_IDENTITY[sdk=iphoneos*]" = "iPhone Developer";
				COPY_PHASE_STRIP = NO;
				DEBUG_INFORMATION_FORMAT = "dwarf-with-dsym";
				ENABLE_NS_ASSERTIONS = NO;
				ENABLE_STRICT_OBJC_MSGSEND = YES;
				GCC_C_LANGUAGE_STANDARD = gnu99;
				GCC_NO_COMMON_BLOCKS = YES;
				GCC_WARN_64_TO_32_BIT_CONVERSION = YES;
				GCC_WARN_ABOUT_RETURN_TYPE = YES_ERROR;
				GCC_WARN_UNDECLARED_SELECTOR = YES;
				GCC_WARN_UNINITIALIZED_AUTOS = YES_AGGRESSIVE;
				GCC_WARN_UNUSED_FUNCTION = YES;
				GCC_WARN_UNUSED_VARIABLE = YES;
				IPHONEOS_DEPLOYMENT_TARGET = 9.3;
				MTL_ENABLE_DEBUG_INFO = NO;
				SDKROOT = iphoneos;
				SWIFT_OPTIMIZATION_LEVEL = "-Owholemodule";
				VALIDATE_PRODUCT = YES;
			};
			name = Release;
		};
		09FF68B91D3EC18800EF4551 /* Debug */ = {
			isa = XCBuildConfiguration;
			baseConfigurationReference = 729D30F36C980294FBFDF0D9 /* Pods-Trucky.debug.xcconfig */;
			buildSettings = {
				ALWAYS_EMBED_SWIFT_STANDARD_LIBRARIES = YES;
				ASSETCATALOG_COMPILER_APPICON_NAME = AppIcon;
				CODE_SIGN_ENTITLEMENTS = Trucky/Trucky.entitlements;
				CODE_SIGN_IDENTITY = "iPhone Developer";
				"CODE_SIGN_IDENTITY[sdk=iphoneos*]" = "iPhone Developer";
				DEVELOPMENT_TEAM = 7G99974HDG;
				INFOPLIST_FILE = Trucky/Info.plist;
				IPHONEOS_DEPLOYMENT_TARGET = 10.0;
				LD_RUNPATH_SEARCH_PATHS = "$(inherited) @executable_path/Frameworks";
				PRODUCT_BUNDLE_IDENTIFIER = Donovan.Trucky;
				PRODUCT_NAME = "$(TARGET_NAME)";
				PROVISIONING_PROFILE = "";
				SWIFT_VERSION = 2.3;
				TARGETED_DEVICE_FAMILY = 1;
			};
			name = Debug;
		};
		09FF68BA1D3EC18800EF4551 /* Release */ = {
			isa = XCBuildConfiguration;
			baseConfigurationReference = 6E0E4B358E120246D05E2083 /* Pods-Trucky.release.xcconfig */;
			buildSettings = {
				ALWAYS_EMBED_SWIFT_STANDARD_LIBRARIES = YES;
				ASSETCATALOG_COMPILER_APPICON_NAME = AppIcon;
				CODE_SIGN_ENTITLEMENTS = Trucky/Trucky.entitlements;
				CODE_SIGN_IDENTITY = "iPhone Developer";
				"CODE_SIGN_IDENTITY[sdk=iphoneos*]" = "iPhone Developer";
				DEVELOPMENT_TEAM = 7G99974HDG;
				INFOPLIST_FILE = Trucky/Info.plist;
				IPHONEOS_DEPLOYMENT_TARGET = 10.0;
				LD_RUNPATH_SEARCH_PATHS = "$(inherited) @executable_path/Frameworks";
				PRODUCT_BUNDLE_IDENTIFIER = Donovan.Trucky;
				PRODUCT_NAME = "$(TARGET_NAME)";
				PROVISIONING_PROFILE = "";
				SWIFT_VERSION = 2.3;
				TARGETED_DEVICE_FAMILY = 1;
			};
			name = Release;
		};
		09FF68BC1D3EC18800EF4551 /* Debug */ = {
			isa = XCBuildConfiguration;
			buildSettings = {
				BUNDLE_LOADER = "$(TEST_HOST)";
				INFOPLIST_FILE = TruckyTests/Info.plist;
				LD_RUNPATH_SEARCH_PATHS = "$(inherited) @executable_path/Frameworks @loader_path/Frameworks";
				PRODUCT_BUNDLE_IDENTIFIER = Donovan.TruckyTests;
				PRODUCT_NAME = "$(TARGET_NAME)";
				SWIFT_VERSION = 2.3;
				TEST_HOST = "$(BUILT_PRODUCTS_DIR)/Trucky.app/Trucky";
			};
			name = Debug;
		};
		09FF68BD1D3EC18800EF4551 /* Release */ = {
			isa = XCBuildConfiguration;
			buildSettings = {
				BUNDLE_LOADER = "$(TEST_HOST)";
				INFOPLIST_FILE = TruckyTests/Info.plist;
				LD_RUNPATH_SEARCH_PATHS = "$(inherited) @executable_path/Frameworks @loader_path/Frameworks";
				PRODUCT_BUNDLE_IDENTIFIER = Donovan.TruckyTests;
				PRODUCT_NAME = "$(TARGET_NAME)";
				SWIFT_VERSION = 2.3;
				TEST_HOST = "$(BUILT_PRODUCTS_DIR)/Trucky.app/Trucky";
			};
			name = Release;
		};
		09FF68BF1D3EC18800EF4551 /* Debug */ = {
			isa = XCBuildConfiguration;
			buildSettings = {
				INFOPLIST_FILE = TruckyUITests/Info.plist;
				LD_RUNPATH_SEARCH_PATHS = "$(inherited) @executable_path/Frameworks @loader_path/Frameworks";
				PRODUCT_BUNDLE_IDENTIFIER = Donovan.TruckyUITests;
				PRODUCT_NAME = "$(TARGET_NAME)";
				SWIFT_VERSION = 2.3;
				TEST_TARGET_NAME = Trucky;
			};
			name = Debug;
		};
		09FF68C01D3EC18800EF4551 /* Release */ = {
			isa = XCBuildConfiguration;
			buildSettings = {
				INFOPLIST_FILE = TruckyUITests/Info.plist;
				LD_RUNPATH_SEARCH_PATHS = "$(inherited) @executable_path/Frameworks @loader_path/Frameworks";
				PRODUCT_BUNDLE_IDENTIFIER = Donovan.TruckyUITests;
				PRODUCT_NAME = "$(TARGET_NAME)";
				SWIFT_VERSION = 2.3;
				TEST_TARGET_NAME = Trucky;
			};
			name = Release;
		};
/* End XCBuildConfiguration section */

/* Begin XCConfigurationList section */
		09FF68881D3EC18800EF4551 /* Build configuration list for PBXProject "Trucky" */ = {
			isa = XCConfigurationList;
			buildConfigurations = (
				09FF68B61D3EC18800EF4551 /* Debug */,
				09FF68B71D3EC18800EF4551 /* Release */,
			);
			defaultConfigurationIsVisible = 0;
			defaultConfigurationName = Release;
		};
		09FF68B81D3EC18800EF4551 /* Build configuration list for PBXNativeTarget "Trucky" */ = {
			isa = XCConfigurationList;
			buildConfigurations = (
				09FF68B91D3EC18800EF4551 /* Debug */,
				09FF68BA1D3EC18800EF4551 /* Release */,
			);
			defaultConfigurationIsVisible = 0;
			defaultConfigurationName = Release;
		};
		09FF68BB1D3EC18800EF4551 /* Build configuration list for PBXNativeTarget "TruckyTests" */ = {
			isa = XCConfigurationList;
			buildConfigurations = (
				09FF68BC1D3EC18800EF4551 /* Debug */,
				09FF68BD1D3EC18800EF4551 /* Release */,
			);
			defaultConfigurationIsVisible = 0;
			defaultConfigurationName = Release;
		};
		09FF68BE1D3EC18800EF4551 /* Build configuration list for PBXNativeTarget "TruckyUITests" */ = {
			isa = XCConfigurationList;
			buildConfigurations = (
				09FF68BF1D3EC18800EF4551 /* Debug */,
				09FF68C01D3EC18800EF4551 /* Release */,
			);
			defaultConfigurationIsVisible = 0;
			defaultConfigurationName = Release;
		};
/* End XCConfigurationList section */

/* Begin XCVersionGroup section */
		09FF68971D3EC18800EF4551 /* Trucky.xcdatamodeld */ = {
			isa = XCVersionGroup;
			children = (
				09FF68981D3EC18800EF4551 /* Trucky.xcdatamodel */,
			);
			currentVersion = 09FF68981D3EC18800EF4551 /* Trucky.xcdatamodel */;
			path = Trucky.xcdatamodeld;
			sourceTree = "<group>";
			versionGroupType = wrapper.xcdatamodel;
		};
/* End XCVersionGroup section */
	};
	rootObject = 09FF68851D3EC18800EF4551 /* Project object */;
}
